
Microsoft Visual Studio Solution File, Format Version 12.00
# Visual Studio Version 17
VisualStudioVersion = 17.4.33213.308
MinimumVisualStudioVersion = 10.0.40219.1
Project("{FAE04EC0-301F-11D3-BF4B-00C04F79EFBC}") = "Sebs.Toolkit.Api", "Sebs.Toolkit.Api\Sebs.Toolkit.Api.csproj", "{47357596-BC4F-4A84-BE65-4107151922A0}"
EndProject
Project("{FAE04EC0-301F-11D3-BF4B-00C04F79EFBC}") = "Sebs.Toolkit.Api.UnitTests", "Tests\Sebs.Toolkit.Api.UnitTests\Sebs.Toolkit.Api.UnitTests.csproj", "{503C1F16-184E-4315-B0D3-AC231F85CEFE}"
EndProject
Global
	GlobalSection(SolutionConfigurationPlatforms) = preSolution
		Debug|Any CPU = Debug|Any CPU
		Release|Any CPU = Release|Any CPU
	EndGlobalSection
	GlobalSection(ProjectConfigurationPlatforms) = postSolution
		{47357596-BC4F-4A84-BE65-4107151922A0}.Debug|Any CPU.ActiveCfg = Debug|Any CPU
		{47357596-BC4F-4A84-BE65-4107151922A0}.Debug|Any CPU.Build.0 = Debug|Any CPU
		{47357596-BC4F-4A84-BE65-4107151922A0}.Release|Any CPU.ActiveCfg = Release|Any CPU
		{47357596-BC4F-4A84-BE65-4107151922A0}.Release|Any CPU.Build.0 = Release|Any CPU
		{503C1F16-184E-4315-B0D3-AC231F85CEFE}.Debug|Any CPU.ActiveCfg = Debug|Any CPU
		{503C1F16-184E-4315-B0D3-AC231F85CEFE}.Debug|Any CPU.Build.0 = Debug|Any CPU
		{503C1F16-184E-4315-B0D3-AC231F85CEFE}.Release|Any CPU.ActiveCfg = Release|Any CPU
		{503C1F16-184E-4315-B0D3-AC231F85CEFE}.Release|Any CPU.Build.0 = Release|Any CPU
	EndGlobalSection
	GlobalSection(SolutionProperties) = preSolution
		HideSolutionNode = FALSE
	EndGlobalSection
	GlobalSection(ExtensibilityGlobals) = postSolution
		SolutionGuid = {386B4F84-90E9-4F92-87C3-ABDE8221FDE2}
	EndGlobalSection
EndGlobal
